
Microsoft Visual Studio Solution File, Format Version 12.00
# Visual Studio Version 17
VisualStudioVersion = 17.1.32319.34
MinimumVisualStudioVersion = 10.0.40219.1
Project("{FAE04EC0-301F-11D3-BF4B-00C04F79EFBC}") = "RoeeAmzaleg_HWS_DP-2", "RoeeAmzaleg_HWS_DP-2\RoeeAmzaleg_HWS_DP-2.csproj", "{8BA1D51F-B4F3-46F4-9B59-FEB99854C299}"
EndProject
Global
	GlobalSection(SolutionConfigurationPlatforms) = preSolution
		Debug|Any CPU = Debug|Any CPU
		Release|Any CPU = Release|Any CPU
	EndGlobalSection
	GlobalSection(ProjectConfigurationPlatforms) = postSolution
		{8BA1D51F-B4F3-46F4-9B59-FEB99854C299}.Debug|Any CPU.ActiveCfg = Debug|Any CPU
		{8BA1D51F-B4F3-46F4-9B59-FEB99854C299}.Debug|Any CPU.Build.0 = Debug|Any CPU
		{8BA1D51F-B4F3-46F4-9B59-FEB99854C299}.Release|Any CPU.ActiveCfg = Release|Any CPU
		{8BA1D51F-B4F3-46F4-9B59-FEB99854C299}.Release|Any CPU.Build.0 = Release|Any CPU
	EndGlobalSection
	GlobalSection(SolutionProperties) = preSolution
		HideSolutionNode = FALSE
	EndGlobalSection
	GlobalSection(ExtensibilityGlobals) = postSolution
		SolutionGuid = {527C761B-E2D2-4597-B481-AAC406F3D3A6}
	EndGlobalSection
EndGlobal
